
Microsoft Visual Studio Solution File, Format Version 12.00
# Visual Studio Version 17
VisualStudioVersion = 17.1.32210.238
MinimumVisualStudioVersion = 10.0.40219.1
Project("{FAE04EC0-301F-11D3-BF4B-00C04F79EFBC}") = "StockManagement", "StockManagement\StockManagement.csproj", "{7F62C0C7-8BE3-42A2-A48A-2596EBCE3A87}"
EndProject
Global
	GlobalSection(SolutionConfigurationPlatforms) = preSolution
		Debug|Any CPU = Debug|Any CPU
		Release|Any CPU = Release|Any CPU
	EndGlobalSection
	GlobalSection(ProjectConfigurationPlatforms) = postSolution
		{7F62C0C7-8BE3-42A2-A48A-2596EBCE3A87}.Debug|Any CPU.ActiveCfg = Debug|Any CPU
		{7F62C0C7-8BE3-42A2-A48A-2596EBCE3A87}.Debug|Any CPU.Build.0 = Debug|Any CPU
		{7F62C0C7-8BE3-42A2-A48A-2596EBCE3A87}.Release|Any CPU.ActiveCfg = Release|Any CPU
		{7F62C0C7-8BE3-42A2-A48A-2596EBCE3A87}.Release|Any CPU.Build.0 = Release|Any CPU
	EndGlobalSection
	GlobalSection(SolutionProperties) = preSolution
		HideSolutionNode = FALSE
	EndGlobalSection
	GlobalSection(ExtensibilityGlobals) = postSolution
		SolutionGuid = {E2941B77-D377-4147-8193-A258A5F814D9}
	EndGlobalSection
EndGlobal
